
Microsoft Visual Studio Solution File, Format Version 12.00
# Visual Studio Version 16
VisualStudioVersion = 16.0.29001.49
MinimumVisualStudioVersion = 10.0.40219.1
Project("{FAE04EC0-301F-11D3-BF4B-00C04F79EFBC}") = "AppendTailAndDeleteHead", "AppendTailAndDeleteHead.csproj", "{4FAABDBC-27F6-4694-B3CA-A56A55A2361E}"
EndProject
Global
	GlobalSection(SolutionConfigurationPlatforms) = preSolution
		Debug|Any CPU = Debug|Any CPU
		Release|Any CPU = Release|Any CPU
	EndGlobalSection
	GlobalSection(ProjectConfigurationPlatforms) = postSolution
		{4FAABDBC-27F6-4694-B3CA-A56A55A2361E}.Debug|Any CPU.ActiveCfg = Debug|Any CPU
		{4FAABDBC-27F6-4694-B3CA-A56A55A2361E}.Debug|Any CPU.Build.0 = Debug|Any CPU
		{4FAABDBC-27F6-4694-B3CA-A56A55A2361E}.Release|Any CPU.ActiveCfg = Release|Any CPU
		{4FAABDBC-27F6-4694-B3CA-A56A55A2361E}.Release|Any CPU.Build.0 = Release|Any CPU
	EndGlobalSection
	GlobalSection(SolutionProperties) = preSolution
		HideSolutionNode = FALSE
	EndGlobalSection
	GlobalSection(ExtensibilityGlobals) = postSolution
		SolutionGuid = {61FFD978-C92D-40F7-AAAF-08D26DB5707D}
	EndGlobalSection
EndGlobal
