
Microsoft Visual Studio Solution File, Format Version 12.00
# Visual Studio Version 16
VisualStudioVersion = 16.0.29001.49
MinimumVisualStudioVersion = 10.0.40219.1
Project("{FAE04EC0-301F-11D3-BF4B-00C04F79EFBC}") = "RomanToInt", "RomanToInt.csproj", "{F79B5545-F6B7-405E-9E39-C96F82B9C241}"
EndProject
Global
	GlobalSection(SolutionConfigurationPlatforms) = preSolution
		Debug|Any CPU = Debug|Any CPU
		Release|Any CPU = Release|Any CPU
	EndGlobalSection
	GlobalSection(ProjectConfigurationPlatforms) = postSolution
		{F79B5545-F6B7-405E-9E39-C96F82B9C241}.Debug|Any CPU.ActiveCfg = Debug|Any CPU
		{F79B5545-F6B7-405E-9E39-C96F82B9C241}.Debug|Any CPU.Build.0 = Debug|Any CPU
		{F79B5545-F6B7-405E-9E39-C96F82B9C241}.Release|Any CPU.ActiveCfg = Release|Any CPU
		{F79B5545-F6B7-405E-9E39-C96F82B9C241}.Release|Any CPU.Build.0 = Release|Any CPU
	EndGlobalSection
	GlobalSection(SolutionProperties) = preSolution
		HideSolutionNode = FALSE
	EndGlobalSection
	GlobalSection(ExtensibilityGlobals) = postSolution
		SolutionGuid = {CFFF2F05-4643-46C8-AAB1-2948967D50FB}
	EndGlobalSection
EndGlobal
